
Microsoft Visual Studio Solution File, Format Version 12.00
# Visual Studio 15
VisualStudioVersion = 15.0.27130.2010
MinimumVisualStudioVersion = 10.0.40219.1
Project("{FAE04EC0-301F-11D3-BF4B-00C04F79EFBC}") = "Tbg.Automation.Framework", "TbgAutoFramework\Tbg.Automation.Framework.csproj", "{EE1A630D-A99F-440A-8143-154732E2CEE5}"
EndProject
Project("{FAE04EC0-301F-11D3-BF4B-00C04F79EFBC}") = "Tbg.Taxback.Automation.Web.Test", "Tbg.Taxback.Automation.Web.Test\Tbg.Taxback.Automation.Web.Test.csproj", "{663E60A7-32A7-430E-A584-7E7CF1F39596}"
EndProject
Global
	GlobalSection(SolutionConfigurationPlatforms) = preSolution
		Debug|Any CPU = Debug|Any CPU
		Release|Any CPU = Release|Any CPU
	EndGlobalSection
	GlobalSection(ProjectConfigurationPlatforms) = postSolution
		{EE1A630D-A99F-440A-8143-154732E2CEE5}.Debug|Any CPU.ActiveCfg = Debug|Any CPU
		{EE1A630D-A99F-440A-8143-154732E2CEE5}.Debug|Any CPU.Build.0 = Debug|Any CPU
		{EE1A630D-A99F-440A-8143-154732E2CEE5}.Release|Any CPU.ActiveCfg = Release|Any CPU
		{EE1A630D-A99F-440A-8143-154732E2CEE5}.Release|Any CPU.Build.0 = Release|Any CPU
		{663E60A7-32A7-430E-A584-7E7CF1F39596}.Debug|Any CPU.ActiveCfg = Debug|Any CPU
		{663E60A7-32A7-430E-A584-7E7CF1F39596}.Debug|Any CPU.Build.0 = Debug|Any CPU
		{663E60A7-32A7-430E-A584-7E7CF1F39596}.Release|Any CPU.ActiveCfg = Release|Any CPU
		{663E60A7-32A7-430E-A584-7E7CF1F39596}.Release|Any CPU.Build.0 = Release|Any CPU
	EndGlobalSection
	GlobalSection(SolutionProperties) = preSolution
		HideSolutionNode = FALSE
	EndGlobalSection
	GlobalSection(ExtensibilityGlobals) = postSolution
		SolutionGuid = {D9D28048-95AA-4CAC-9329-3F0414F1B61B}
	EndGlobalSection
EndGlobal
